
Microsoft Visual Studio Solution File, Format Version 12.00
# Visual Studio Version 17
VisualStudioVersion = 17.11.35303.130
MinimumVisualStudioVersion = 10.0.40219.1
Project("{FAE04EC0-301F-11D3-BF4B-00C04F79EFBC}") = "FirstPage", "FirstPage\FirstPage.csproj", "{EB209820-6BE0-486A-AF58-7673D3F3AA03}"
EndProject
Global
	GlobalSection(SolutionConfigurationPlatforms) = preSolution
		Debug|Any CPU = Debug|Any CPU
		Release|Any CPU = Release|Any CPU
	EndGlobalSection
	GlobalSection(ProjectConfigurationPlatforms) = postSolution
		{EB209820-6BE0-486A-AF58-7673D3F3AA03}.Debug|Any CPU.ActiveCfg = Debug|Any CPU
		{EB209820-6BE0-486A-AF58-7673D3F3AA03}.Debug|Any CPU.Build.0 = Debug|Any CPU
		{EB209820-6BE0-486A-AF58-7673D3F3AA03}.Release|Any CPU.ActiveCfg = Release|Any CPU
		{EB209820-6BE0-486A-AF58-7673D3F3AA03}.Release|Any CPU.Build.0 = Release|Any CPU
	EndGlobalSection
	GlobalSection(SolutionProperties) = preSolution
		HideSolutionNode = FALSE
	EndGlobalSection
	GlobalSection(ExtensibilityGlobals) = postSolution
		SolutionGuid = {B1FBCD0F-2EB5-4BDD-8890-E7D75001965B}
	EndGlobalSection
EndGlobal
